
Microsoft Visual Studio Solution File, Format Version 11.00
# Visual Studio 2010
Project("{FAE04EC0-301F-11D3-BF4B-00C04F79EFBC}") = "UniTask", "UniTask.csproj", "{632572eb-e6eb-7a02-b6d2-31645d2b28d6}"
EndProject
Project("{FAE04EC0-301F-11D3-BF4B-00C04F79EFBC}") = "Assembly-CSharp", "Assembly-CSharp.csproj", "{b7d491e8-aed5-496c-005a-51bde0ba475a}"
EndProject
Project("{FAE04EC0-301F-11D3-BF4B-00C04F79EFBC}") = "UniTask.Linq", "UniTask.Linq.csproj", "{96714d75-63ba-cd91-b332-9c760ff45459}"
EndProject
Project("{FAE04EC0-301F-11D3-BF4B-00C04F79EFBC}") = "Assembly-CSharp-Editor", "Assembly-CSharp-Editor.csproj", "{7a93899f-2b17-03bc-ffed-4c348df6b85b}"
EndProject
Project("{FAE04EC0-301F-11D3-BF4B-00C04F79EFBC}") = "UniTask.Addressables", "UniTask.Addressables.csproj", "{ae187043-0b2b-0154-64ec-113790543acb}"
EndProject
Project("{FAE04EC0-301F-11D3-BF4B-00C04F79EFBC}") = "UniTask.TextMeshPro", "UniTask.TextMeshPro.csproj", "{c1757867-b2df-25d2-2270-8686fdc2fe96}"
EndProject
Project("{FAE04EC0-301F-11D3-BF4B-00C04F79EFBC}") = "endel.nativewebsocket", "endel.nativewebsocket.csproj", "{38f39321-b220-3642-070a-65e5848b3c48}"
EndProject
Project("{FAE04EC0-301F-11D3-BF4B-00C04F79EFBC}") = "UniTask.DOTween", "UniTask.DOTween.csproj", "{298357a1-cd57-8547-b8b0-2210c38d452a}"
EndProject
Project("{FAE04EC0-301F-11D3-BF4B-00C04F79EFBC}") = "UniTask.Editor", "UniTask.Editor.csproj", "{8afca83e-9a08-774b-238d-3e4e44c33bdb}"
EndProject
Project("{FAE04EC0-301F-11D3-BF4B-00C04F79EFBC}") = "Assembly-CSharp-firstpass", "Assembly-CSharp-firstpass.csproj", "{2b30aad9-85c1-ab3d-62fe-891025e46316}"
EndProject
Global
	GlobalSection(SolutionConfigurationPlatforms) = preSolution
		Debug|Any CPU = Debug|Any CPU
	EndGlobalSection
	GlobalSection(ProjectConfigurationPlatforms) = postSolution
		{632572eb-e6eb-7a02-b6d2-31645d2b28d6}.Debug|Any CPU.ActiveCfg = Debug|Any CPU
		{632572eb-e6eb-7a02-b6d2-31645d2b28d6}.Debug|Any CPU.Build.0 = Debug|Any CPU
		{b7d491e8-aed5-496c-005a-51bde0ba475a}.Debug|Any CPU.ActiveCfg = Debug|Any CPU
		{b7d491e8-aed5-496c-005a-51bde0ba475a}.Debug|Any CPU.Build.0 = Debug|Any CPU
		{96714d75-63ba-cd91-b332-9c760ff45459}.Debug|Any CPU.ActiveCfg = Debug|Any CPU
		{96714d75-63ba-cd91-b332-9c760ff45459}.Debug|Any CPU.Build.0 = Debug|Any CPU
		{7a93899f-2b17-03bc-ffed-4c348df6b85b}.Debug|Any CPU.ActiveCfg = Debug|Any CPU
		{7a93899f-2b17-03bc-ffed-4c348df6b85b}.Debug|Any CPU.Build.0 = Debug|Any CPU
		{ae187043-0b2b-0154-64ec-113790543acb}.Debug|Any CPU.ActiveCfg = Debug|Any CPU
		{ae187043-0b2b-0154-64ec-113790543acb}.Debug|Any CPU.Build.0 = Debug|Any CPU
		{c1757867-b2df-25d2-2270-8686fdc2fe96}.Debug|Any CPU.ActiveCfg = Debug|Any CPU
		{c1757867-b2df-25d2-2270-8686fdc2fe96}.Debug|Any CPU.Build.0 = Debug|Any CPU
		{38f39321-b220-3642-070a-65e5848b3c48}.Debug|Any CPU.ActiveCfg = Debug|Any CPU
		{38f39321-b220-3642-070a-65e5848b3c48}.Debug|Any CPU.Build.0 = Debug|Any CPU
		{298357a1-cd57-8547-b8b0-2210c38d452a}.Debug|Any CPU.ActiveCfg = Debug|Any CPU
		{298357a1-cd57-8547-b8b0-2210c38d452a}.Debug|Any CPU.Build.0 = Debug|Any CPU
		{8afca83e-9a08-774b-238d-3e4e44c33bdb}.Debug|Any CPU.ActiveCfg = Debug|Any CPU
		{8afca83e-9a08-774b-238d-3e4e44c33bdb}.Debug|Any CPU.Build.0 = Debug|Any CPU
		{2b30aad9-85c1-ab3d-62fe-891025e46316}.Debug|Any CPU.ActiveCfg = Debug|Any CPU
		{2b30aad9-85c1-ab3d-62fe-891025e46316}.Debug|Any CPU.Build.0 = Debug|Any CPU
	EndGlobalSection
	GlobalSection(SolutionProperties) = preSolution
		HideSolutionNode = FALSE
	EndGlobalSection
EndGlobal
